
Microsoft Visual Studio Solution File, Format Version 12.00
# Visual Studio Version 16
VisualStudioVersion = 16.0.30225.117
MinimumVisualStudioVersion = 10.0.40219.1
Project("{FAE04EC0-301F-11D3-BF4B-00C04F79EFBC}") = "Mamaosem", "Mamaosem\Mamaosem.csproj", "{2FF48B9E-6504-4AC1-A88C-23E41B8F9F04}"
EndProject
Global
	GlobalSection(SolutionConfigurationPlatforms) = preSolution
		Debug|Any CPU = Debug|Any CPU
		Release|Any CPU = Release|Any CPU
	EndGlobalSection
	GlobalSection(ProjectConfigurationPlatforms) = postSolution
		{2FF48B9E-6504-4AC1-A88C-23E41B8F9F04}.Debug|Any CPU.ActiveCfg = Debug|Any CPU
		{2FF48B9E-6504-4AC1-A88C-23E41B8F9F04}.Debug|Any CPU.Build.0 = Debug|Any CPU
		{2FF48B9E-6504-4AC1-A88C-23E41B8F9F04}.Release|Any CPU.ActiveCfg = Release|Any CPU
		{2FF48B9E-6504-4AC1-A88C-23E41B8F9F04}.Release|Any CPU.Build.0 = Release|Any CPU
	EndGlobalSection
	GlobalSection(SolutionProperties) = preSolution
		HideSolutionNode = FALSE
	EndGlobalSection
	GlobalSection(ExtensibilityGlobals) = postSolution
		SolutionGuid = {78D63F21-3D38-4C96-A74C-51BA2153CE85}
	EndGlobalSection
EndGlobal
